github.com/zoobzio/capitan v0.0.13 h1:BIdxw7+4Lqho4bhPZmtayUIVaWOkRSONjvBxC8EPlBQ=
github.com/zoobzio/capitan v0.0.13/go.mod h1:/OwNDIB1CHxwSzsF4e48B2+2e/IMIvTb0ZMgVeNyYig=
github.com/zoobzio/clockz v0.0.2 h1:72E53zhvh8EyxDPEy41CZOYSpSlmt8S+QNdFMVPA1xQ=
github.com/zoobzio/clockz v0.0.2/go.mod h1:noq8vP/zaqBtSlAQ8Yp9im3afEhFZxYLmxZX53ZilLc=
