github.com/zoobzio/capitan v0.0.1 h1:TGwu4Rqc34D/bjDxgNkOBx4TeG9gGd1iKloJ8tQXSfs=
github.com/zoobzio/capitan v0.0.1/go.mod h1:dsyQQCbV0QCH6Gubli8PKIHstyVFvKAJE1QyJA10jXk=
github.com/zoobzio/capitan v0.0.2 h1:MIZos+gaqv9+EuqD6yeVmavkv9JRm27isy2GYI5E11k=
github.com/zoobzio/capitan v0.0.2/go.mod h1:dsyQQCbV0QCH6Gubli8PKIHstyVFvKAJE1QyJA10jXk=
github.com/zoobzio/clockz v0.0.2 h1:72E53zhvh8EyxDPEy41CZOYSpSlmt8S+QNdFMVPA1xQ=
github.com/zoobzio/clockz v0.0.2/go.mod h1:noq8vP/zaqBtSlAQ8Yp9im3afEhFZxYLmxZX53ZilLc=
