github.com/zoobzio/capitan v0.0.8 h1:mSsJv+4+D3Fl4KgQ7xU3SdagHWXV1m/J+BLGcnFc33c=
github.com/zoobzio/capitan v0.0.8/go.mod h1:/OwNDIB1CHxwSzsF4e48B2+2e/IMIvTb0ZMgVeNyYig=
github.com/zoobzio/clockz v0.0.2 h1:72E53zhvh8EyxDPEy41CZOYSpSlmt8S+QNdFMVPA1xQ=
github.com/zoobzio/clockz v0.0.2/go.mod h1:noq8vP/zaqBtSlAQ8Yp9im3afEhFZxYLmxZX53ZilLc=
